<?xml version="1.0" encoding="utf-8"?>
<Project ToolsVersion="4.0" xmlns="http://schemas.microsoft.com/developer/msbuild/2003">
  <ItemGroup>
    <ClCompile Include="sources\chat.cpp" />
    <ClCompile Include="sources\cmdprocs.cpp" />
    <ClCompile Include="sources\dialog.cpp" />
    <ClCompile Include="sources\extrakeyboard.cpp" />
    <ClCompile Include="sources\keyboard.cpp" />
    <ClCompile Include="sources\main.cpp" />
    <ClCompile Include="sources\playertags.cpp" />
    <ClCompile Include="sources\spawnscreen.cpp" />
    <ClCompile Include="sources\armhook\armhook.cpp">
      <Filter>armhook</Filter>
    </ClCompile>
    <ClCompile Include="sources\game\aimstuff.cpp">
      <Filter>game</Filter>
    </ClCompile>
    <ClCompile Include="sources\game\audiostream.cpp">
      <Filter>game</Filter>
    </ClCompile>
    <ClCompile Include="sources\game\camera.cpp">
      <Filter>game</Filter>
    </ClCompile>
    <ClCompile Include="sources\game\entity.cpp">
      <Filter>game</Filter>
    </ClCompile>
    <ClCompile Include="sources\game\font.cpp">
      <Filter>game</Filter>
    </ClCompile>
    <ClCompile Include="sources\game\game.cpp">
      <Filter>game</Filter>
    </ClCompile>
    <ClCompile Include="sources\game\hooks.cpp">
      <Filter>game</Filter>
    </ClCompile>
    <ClCompile Include="sources\game\object.cpp">
      <Filter>game</Filter>
    </ClCompile>
    <ClCompile Include="sources\game\pad.cpp">
      <Filter>game</Filter>
    </ClCompile>
    <ClCompile Include="sources\game\patches.cpp">
      <Filter>game</Filter>
    </ClCompile>
    <ClCompile Include="sources\game\playerped.cpp">
      <Filter>game</Filter>
    </ClCompile>
    <ClCompile Include="sources\game\quaternion.cpp">
      <Filter>game</Filter>
    </ClCompile>
    <ClCompile Include="sources\game\radarcolors.cpp">
      <Filter>game</Filter>
    </ClCompile>
    <ClCompile Include="sources\game\rgba.cpp">
      <Filter>game</Filter>
    </ClCompile>
    <ClCompile Include="sources\game\scripting.cpp">
      <Filter>game</Filter>
    </ClCompile>
    <ClCompile Include="sources\game\splashscreen.cpp">
      <Filter>game</Filter>
    </ClCompile>
    <ClCompile Include="sources\game\sprite2d.cpp">
      <Filter>game</Filter>
    </ClCompile>
    <ClCompile Include="sources\game\textdraw.cpp">
      <Filter>game</Filter>
    </ClCompile>
    <ClCompile Include="sources\game\util.cpp">
      <Filter>game</Filter>
    </ClCompile>
    <ClCompile Include="sources\game\vehicle.cpp">
      <Filter>game</Filter>
    </ClCompile>
    <ClCompile Include="sources\game\RW\RenderWare.cpp">
      <Filter>game\RW</Filter>
    </ClCompile>
    <ClCompile Include="sources\net\gangzonepool.cpp">
      <Filter>net</Filter>
    </ClCompile>
    <ClCompile Include="sources\net\localplayer.cpp">
      <Filter>net</Filter>
    </ClCompile>
    <ClCompile Include="sources\net\netgame.cpp">
      <Filter>net</Filter>
    </ClCompile>
    <ClCompile Include="sources\net\netrpc.cpp">
      <Filter>net</Filter>
    </ClCompile>
    <ClCompile Include="sources\net\objectpool.cpp">
      <Filter>net</Filter>
    </ClCompile>
    <ClCompile Include="sources\net\pickuppool.cpp">
      <Filter>net</Filter>
    </ClCompile>
    <ClCompile Include="sources\net\playerpool.cpp">
      <Filter>net</Filter>
    </ClCompile>
    <ClCompile Include="sources\net\remoteplayer.cpp">
      <Filter>net</Filter>
    </ClCompile>
    <ClCompile Include="sources\net\scriptrpc.cpp">
      <Filter>net</Filter>
    </ClCompile>
    <ClCompile Include="sources\net\textdrawpool.cpp">
      <Filter>net</Filter>
    </ClCompile>
    <ClCompile Include="sources\net\textlabelpool.cpp">
      <Filter>net</Filter>
    </ClCompile>
    <ClCompile Include="sources\net\vehiclepool.cpp">
      <Filter>net</Filter>
    </ClCompile>
    <ClCompile Include="sources\ui\ui.cpp">
      <Filter>ui</Filter>
    </ClCompile>
    <ClCompile Include="sources\ui\imguirender.cpp">
      <Filter>ui</Filter>
    </ClCompile>
    <ClCompile Include="sources\vendor\imgui\imgui.cpp">
      <Filter>vendor\imgui</Filter>
    </ClCompile>
    <ClCompile Include="sources\vendor\imgui\imgui_draw.cpp">
      <Filter>vendor\imgui</Filter>
    </ClCompile>
    <ClCompile Include="sources\vendor\imgui\imgui_tables.cpp">
      <Filter>vendor\imgui</Filter>
    </ClCompile>
    <ClCompile Include="sources\vendor\imgui\imgui_widgets.cpp">
      <Filter>vendor\imgui</Filter>
    </ClCompile>
    <ClCompile Include="sources\vendor\raknet\_findfirst.cpp">
      <Filter>vendor\raknet</Filter>
    </ClCompile>
    <ClCompile Include="sources\vendor\raknet\AsynchronousFileIO.cpp">
      <Filter>vendor\raknet</Filter>
    </ClCompile>
    <ClCompile Include="sources\vendor\raknet\BitStream.cpp">
      <Filter>vendor\raknet</Filter>
    </ClCompile>
    <ClCompile Include="sources\vendor\raknet\BitStream_NoTemplate.cpp">
      <Filter>vendor\raknet</Filter>
    </ClCompile>
    <ClCompile Include="sources\vendor\raknet\CheckSum.cpp">
      <Filter>vendor\raknet</Filter>
    </ClCompile>
    <ClCompile Include="sources\vendor\raknet\CommandParserInterface.cpp">
      <Filter>vendor\raknet</Filter>
    </ClCompile>
    <ClCompile Include="sources\vendor\raknet\DataBlockEncryptor.cpp">
      <Filter>vendor\raknet</Filter>
    </ClCompile>
    <ClCompile Include="sources\vendor\raknet\DataCompressor.cpp">
      <Filter>vendor\raknet</Filter>
    </ClCompile>
    <ClCompile Include="sources\vendor\raknet\DS_ByteQueue.cpp">
      <Filter>vendor\raknet</Filter>
    </ClCompile>
    <ClCompile Include="sources\vendor\raknet\DS_HuffmanEncodingTree.cpp">
      <Filter>vendor\raknet</Filter>
    </ClCompile>
    <ClCompile Include="sources\vendor\raknet\DS_Table.cpp">
      <Filter>vendor\raknet</Filter>
    </ClCompile>
    <ClCompile Include="sources\vendor\raknet\EncodeClassName.cpp">
      <Filter>vendor\raknet</Filter>
    </ClCompile>
    <ClCompile Include="sources\vendor\raknet\ExtendedOverlappedPool.cpp">
      <Filter>vendor\raknet</Filter>
    </ClCompile>
    <ClCompile Include="sources\vendor\raknet\FileOperations.cpp">
      <Filter>vendor\raknet</Filter>
    </ClCompile>
    <ClCompile Include="sources\vendor\raknet\GetTime.cpp">
      <Filter>vendor\raknet</Filter>
    </ClCompile>
    <ClCompile Include="sources\vendor\raknet\InternalPacketPool.cpp">
      <Filter>vendor\raknet</Filter>
    </ClCompile>
    <ClCompile Include="sources\vendor\raknet\LinuxStrings.cpp">
      <Filter>vendor\raknet</Filter>
    </ClCompile>
    <ClCompile Include="sources\vendor\raknet\LogCommandParser.cpp">
      <Filter>vendor\raknet</Filter>
    </ClCompile>
    <ClCompile Include="sources\vendor\raknet\NetworkTypes.cpp">
      <Filter>vendor\raknet</Filter>
    </ClCompile>
    <ClCompile Include="sources\vendor\raknet\PluginInterface.cpp">
      <Filter>vendor\raknet</Filter>
    </ClCompile>
    <ClCompile Include="sources\vendor\raknet\RakClient.cpp">
      <Filter>vendor\raknet</Filter>
    </ClCompile>
    <ClCompile Include="sources\vendor\raknet\RakNetCommandParser.cpp">
      <Filter>vendor\raknet</Filter>
    </ClCompile>
    <ClCompile Include="sources\vendor\raknet\RakNetStatistics.cpp">
      <Filter>vendor\raknet</Filter>
    </ClCompile>
    <ClCompile Include="sources\vendor\raknet\RakNetworkFactory.cpp">
      <Filter>vendor\raknet</Filter>
    </ClCompile>
    <ClCompile Include="sources\vendor\raknet\RakPeer.cpp">
      <Filter>vendor\raknet</Filter>
    </ClCompile>
    <ClCompile Include="sources\vendor\raknet\rakserver.cpp">
      <Filter>vendor\raknet</Filter>
    </ClCompile>
    <ClCompile Include="sources\vendor\raknet\RakSleep.cpp">
      <Filter>vendor\raknet</Filter>
    </ClCompile>
    <ClCompile Include="sources\vendor\raknet\Rand.cpp">
      <Filter>vendor\raknet</Filter>
    </ClCompile>
    <ClCompile Include="sources\vendor\raknet\ReliabilityLayer.cpp">
      <Filter>vendor\raknet</Filter>
    </ClCompile>
    <ClCompile Include="sources\vendor\raknet\rijndael.cpp">
      <Filter>vendor\raknet</Filter>
    </ClCompile>
    <ClCompile Include="sources\vendor\raknet\RPCMap.cpp">
      <Filter>vendor\raknet</Filter>
    </ClCompile>
    <ClCompile Include="sources\vendor\raknet\SHA1.cpp">
      <Filter>vendor\raknet</Filter>
    </ClCompile>
    <ClCompile Include="sources\vendor\raknet\SimpleMutex.cpp">
      <Filter>vendor\raknet</Filter>
    </ClCompile>
    <ClCompile Include="sources\vendor\raknet\SocketLayer.cpp">
      <Filter>vendor\raknet</Filter>
    </ClCompile>
    <ClCompile Include="sources\vendor\raknet\StringCompressor.cpp">
      <Filter>vendor\raknet</Filter>
    </ClCompile>
    <ClCompile Include="sources\vendor\raknet\StringTable.cpp">
      <Filter>vendor\raknet</Filter>
    </ClCompile>
    <ClCompile Include="sources\vendor\raknet\SystemAddressList.cpp">
      <Filter>vendor\raknet</Filter>
    </ClCompile>
    <ClCompile Include="sources\vendor\raknet\SystemDatabaseClient.cpp">
      <Filter>vendor\raknet</Filter>
    </ClCompile>
    <ClCompile Include="sources\vendor\raknet\SystemDatabaseServer.cpp">
      <Filter>vendor\raknet</Filter>
    </ClCompile>
    <ClCompile Include="sources\vendor\raknet\TableSerializer.cpp">
      <Filter>vendor\raknet</Filter>
    </ClCompile>
    <ClCompile Include="sources\vendor\raknet\TCPInterface.cpp">
      <Filter>vendor\raknet</Filter>
    </ClCompile>
    <ClCompile Include="sources\vendor\raknet\TelnetTransport.cpp">
      <Filter>vendor\raknet</Filter>
    </ClCompile>
    <ClCompile Include="sources\vendor\raknet\SAMP\samp_auth.cpp">
      <Filter>vendor\raknet\SAMP</Filter>
    </ClCompile>
    <ClCompile Include="sources\vendor\raknet\SAMP\samp_netencr.cpp">
      <Filter>vendor\raknet\SAMP</Filter>
    </ClCompile>
    <ClCompile Include="sources\vendor\raknet\SAMP\SAMPRPC.cpp">
      <Filter>vendor\raknet\SAMP</Filter>
    </ClCompile>
    <ClCompile Include="sources\vendor\inih\ini.c">
      <Filter>vendor\inih</Filter>
    </ClCompile>
    <ClCompile Include="sources\vendor\inih\cpp\INIReader.cpp">
      <Filter>vendor\inih\cpp</Filter>
    </ClCompile>
  </ItemGroup>
  <ItemGroup>
    <ClInclude Include="sources\chat.h" />
    <ClInclude Include="sources\cmdprocs.h" />
    <ClInclude Include="sources\dialog.h" />
    <ClInclude Include="sources\extrakeyboard.h" />
    <ClInclude Include="sources\keyboard.h" />
    <ClInclude Include="sources\main.h" />
    <ClInclude Include="sources\playertags.h" />
    <ClInclude Include="sources\spawnscreen.h" />
    <ClInclude Include="sources\armhook\armhook.h">
      <Filter>armhook</Filter>
    </ClInclude>
    <ClInclude Include="sources\game\aimstuff.h">
      <Filter>game</Filter>
    </ClInclude>
    <ClInclude Include="sources\game\audiostream.h">
      <Filter>game</Filter>
    </ClInclude>
    <ClInclude Include="sources\game\camera.h">
      <Filter>game</Filter>
    </ClInclude>
    <ClInclude Include="sources\game\common.h">
      <Filter>game</Filter>
    </ClInclude>
    <ClInclude Include="sources\game\entity.h">
      <Filter>game</Filter>
    </ClInclude>
    <ClInclude Include="sources\game\font.h">
      <Filter>game</Filter>
    </ClInclude>
    <ClInclude Include="sources\game\game.h">
      <Filter>game</Filter>
    </ClInclude>
    <ClInclude Include="sources\game\object.h">
      <Filter>game</Filter>
    </ClInclude>
    <ClInclude Include="sources\game\pad.h">
      <Filter>game</Filter>
    </ClInclude>
    <ClInclude Include="sources\game\playerped.h">
      <Filter>game</Filter>
    </ClInclude>
    <ClInclude Include="sources\game\quaternion.h">
      <Filter>game</Filter>
    </ClInclude>
    <ClInclude Include="sources\game\radarcolors.h">
      <Filter>game</Filter>
    </ClInclude>
    <ClInclude Include="sources\game\rgba.h">
      <Filter>game</Filter>
    </ClInclude>
    <ClInclude Include="sources\game\scripting.h">
      <Filter>game</Filter>
    </ClInclude>
    <ClInclude Include="sources\game\sprite2d.h">
      <Filter>game</Filter>
    </ClInclude>
    <ClInclude Include="sources\game\textdraw.h">
      <Filter>game</Filter>
    </ClInclude>
    <ClInclude Include="sources\game\util.h">
      <Filter>game</Filter>
    </ClInclude>
    <ClInclude Include="sources\game\vehicle.h">
      <Filter>game</Filter>
    </ClInclude>
    <ClInclude Include="sources\game\RW\RenderWare.h">
      <Filter>game\RW</Filter>
    </ClInclude>
    <ClInclude Include="sources\game\RW\rpcriter.h">
      <Filter>game\RW</Filter>
    </ClInclude>
    <ClInclude Include="sources\game\RW\rperror.h">
      <Filter>game\RW</Filter>
    </ClInclude>
    <ClInclude Include="sources\game\RW\rphanim.h">
      <Filter>game\RW</Filter>
    </ClInclude>
    <ClInclude Include="sources\game\RW\rpmatfx.h">
      <Filter>game\RW</Filter>
    </ClInclude>
    <ClInclude Include="sources\game\RW\rpskin.h">
      <Filter>game\RW</Filter>
    </ClInclude>
    <ClInclude Include="sources\game\RW\rpuvanim.h">
      <Filter>game\RW</Filter>
    </ClInclude>
    <ClInclude Include="sources\game\RW\rpworld.h">
      <Filter>game\RW</Filter>
    </ClInclude>
    <ClInclude Include="sources\game\RW\rtanim.h">
      <Filter>game\RW</Filter>
    </ClInclude>
    <ClInclude Include="sources\game\RW\rtdict.h">
      <Filter>game\RW</Filter>
    </ClInclude>
    <ClInclude Include="sources\game\RW\rtquat.h">
      <Filter>game\RW</Filter>
    </ClInclude>
    <ClInclude Include="sources\game\RW\rwcore.h">
      <Filter>game\RW</Filter>
    </ClInclude>
    <ClInclude Include="sources\game\RW\rwlpcore.h">
      <Filter>game\RW</Filter>
    </ClInclude>
    <ClInclude Include="sources\game\RW\rwplcore.h">
      <Filter>game\RW</Filter>
    </ClInclude>
    <ClInclude Include="sources\game\RW\skeleton.h">
      <Filter>game\RW</Filter>
    </ClInclude>
    <ClInclude Include="sources\net\gangzonepool.h">
      <Filter>net</Filter>
    </ClInclude>
    <ClInclude Include="sources\net\localplayer.h">
      <Filter>net</Filter>
    </ClInclude>
    <ClInclude Include="sources\net\netgame.h">
      <Filter>net</Filter>
    </ClInclude>
    <ClInclude Include="sources\net\objectpool.h">
      <Filter>net</Filter>
    </ClInclude>
    <ClInclude Include="sources\net\pickuppool.h">
      <Filter>net</Filter>
    </ClInclude>
    <ClInclude Include="sources\net\playerpool.h">
      <Filter>net</Filter>
    </ClInclude>
    <ClInclude Include="sources\net\remoteplayer.h">
      <Filter>net</Filter>
    </ClInclude>
    <ClInclude Include="sources\net\textdrawpool.h">
      <Filter>net</Filter>
    </ClInclude>
    <ClInclude Include="sources\net\textlabelpool.h">
      <Filter>net</Filter>
    </ClInclude>
    <ClInclude Include="sources\net\vehiclepool.h">
      <Filter>net</Filter>
    </ClInclude>
    <ClInclude Include="sources\ui\ui.h">
      <Filter>ui</Filter>
    </ClInclude>
    <ClInclude Include="sources\ui\imguirender.h">
      <Filter>ui</Filter>
    </ClInclude>
    <ClInclude Include="sources\vendor\imgui\imconfig.h">
      <Filter>vendor\imgui</Filter>
    </ClInclude>
    <ClInclude Include="sources\vendor\imgui\imgui.h">
      <Filter>vendor\imgui</Filter>
    </ClInclude>
    <ClInclude Include="sources\vendor\imgui\imgui_internal.h">
      <Filter>vendor\imgui</Filter>
    </ClInclude>
    <ClInclude Include="sources\vendor\imgui\imstb_rectpack.h">
      <Filter>vendor\imgui</Filter>
    </ClInclude>
    <ClInclude Include="sources\vendor\imgui\imstb_textedit.h">
      <Filter>vendor\imgui</Filter>
    </ClInclude>
    <ClInclude Include="sources\vendor\imgui\imstb_truetype.h">
      <Filter>vendor\imgui</Filter>
    </ClInclude>
    <ClInclude Include="sources\vendor\raknet\_findfirst.h">
      <Filter>vendor\raknet</Filter>
    </ClInclude>
    <ClInclude Include="sources\vendor\raknet\AsynchronousFileIO.h">
      <Filter>vendor\raknet</Filter>
    </ClInclude>
    <ClInclude Include="sources\vendor\raknet\AutopatcherPatchContext.h">
      <Filter>vendor\raknet</Filter>
    </ClInclude>
    <ClInclude Include="sources\vendor\raknet\AutopatcherRepositoryInterface.h">
      <Filter>vendor\raknet</Filter>
    </ClInclude>
    <ClInclude Include="sources\vendor\raknet\BigTypes.h">
      <Filter>vendor\raknet</Filter>
    </ClInclude>
    <ClInclude Include="sources\vendor\raknet\BitStream.h">
      <Filter>vendor\raknet</Filter>
    </ClInclude>
    <ClInclude Include="sources\vendor\raknet\BitStream_NoTemplate.h">
      <Filter>vendor\raknet</Filter>
    </ClInclude>
    <ClInclude Include="sources\vendor\raknet\CheckSum.h">
      <Filter>vendor\raknet</Filter>
    </ClInclude>
    <ClInclude Include="sources\vendor\raknet\ClientContextStruct.h">
      <Filter>vendor\raknet</Filter>
    </ClInclude>
    <ClInclude Include="sources\vendor\raknet\CommandParserInterface.h">
      <Filter>vendor\raknet</Filter>
    </ClInclude>
    <ClInclude Include="sources\vendor\raknet\ConsoleServer.h">
      <Filter>vendor\raknet</Filter>
    </ClInclude>
    <ClInclude Include="sources\vendor\raknet\DataBlockEncryptor.h">
      <Filter>vendor\raknet</Filter>
    </ClInclude>
    <ClInclude Include="sources\vendor\raknet\DataCompressor.h">
      <Filter>vendor\raknet</Filter>
    </ClInclude>
    <ClInclude Include="sources\vendor\raknet\DS_BinarySearchTree.h">
      <Filter>vendor\raknet</Filter>
    </ClInclude>
    <ClInclude Include="sources\vendor\raknet\DS_BPlusTree.h">
      <Filter>vendor\raknet</Filter>
    </ClInclude>
    <ClInclude Include="sources\vendor\raknet\DS_ByteQueue.h">
      <Filter>vendor\raknet</Filter>
    </ClInclude>
    <ClInclude Include="sources\vendor\raknet\DS_Heap.h">
      <Filter>vendor\raknet</Filter>
    </ClInclude>
    <ClInclude Include="sources\vendor\raknet\DS_HuffmanEncodingTree.h">
      <Filter>vendor\raknet</Filter>
    </ClInclude>
    <ClInclude Include="sources\vendor\raknet\DS_HuffmanEncodingTreeFactory.h">
      <Filter>vendor\raknet</Filter>
    </ClInclude>
    <ClInclude Include="sources\vendor\raknet\DS_HuffmanEncodingTreeNode.h">
      <Filter>vendor\raknet</Filter>
    </ClInclude>
    <ClInclude Include="sources\vendor\raknet\DS_LinkedList.h">
      <Filter>vendor\raknet</Filter>
    </ClInclude>
    <ClInclude Include="sources\vendor\raknet\DS_List.h">
      <Filter>vendor\raknet</Filter>
    </ClInclude>
    <ClInclude Include="sources\vendor\raknet\DS_Map.h">
      <Filter>vendor\raknet</Filter>
    </ClInclude>
    <ClInclude Include="sources\vendor\raknet\DS_MemoryPool.h">
      <Filter>vendor\raknet</Filter>
    </ClInclude>
    <ClInclude Include="sources\vendor\raknet\DS_OrderedChannelHeap.h">
      <Filter>vendor\raknet</Filter>
    </ClInclude>
    <ClInclude Include="sources\vendor\raknet\DS_OrderedList.h">
      <Filter>vendor\raknet</Filter>
    </ClInclude>
    <ClInclude Include="sources\vendor\raknet\DS_Queue.h">
      <Filter>vendor\raknet</Filter>
    </ClInclude>
    <ClInclude Include="sources\vendor\raknet\DS_QueueLinkedList.h">
      <Filter>vendor\raknet</Filter>
    </ClInclude>
    <ClInclude Include="sources\vendor\raknet\DS_RangeList.h">
      <Filter>vendor\raknet</Filter>
    </ClInclude>
    <ClInclude Include="sources\vendor\raknet\DS_Table.h">
      <Filter>vendor\raknet</Filter>
    </ClInclude>
    <ClInclude Include="sources\vendor\raknet\DS_Tree.h">
      <Filter>vendor\raknet</Filter>
    </ClInclude>
    <ClInclude Include="sources\vendor\raknet\DS_WeightedGraph.h">
      <Filter>vendor\raknet</Filter>
    </ClInclude>
    <ClInclude Include="sources\vendor\raknet\EmailSender.h">
      <Filter>vendor\raknet</Filter>
    </ClInclude>
    <ClInclude Include="sources\vendor\raknet\Export.h">
      <Filter>vendor\raknet</Filter>
    </ClInclude>
    <ClInclude Include="sources\vendor\raknet\ExtendedOverlappedPool.h">
      <Filter>vendor\raknet</Filter>
    </ClInclude>
    <ClInclude Include="sources\vendor\raknet\FileOperations.h">
      <Filter>vendor\raknet</Filter>
    </ClInclude>
    <ClInclude Include="sources\vendor\raknet\FullyConnectedMesh.h">
      <Filter>vendor\raknet</Filter>
    </ClInclude>
    <ClInclude Include="sources\vendor\raknet\GetTime.h">
      <Filter>vendor\raknet</Filter>
    </ClInclude>
    <ClInclude Include="sources\vendor\raknet\InternalPacket.h">
      <Filter>vendor\raknet</Filter>
    </ClInclude>
    <ClInclude Include="sources\vendor\raknet\InternalPacketPool.h">
      <Filter>vendor\raknet</Filter>
    </ClInclude>
    <ClInclude Include="sources\vendor\raknet\LinuxStrings.h">
      <Filter>vendor\raknet</Filter>
    </ClInclude>
    <ClInclude Include="sources\vendor\raknet\LogCommandParser.h">
      <Filter>vendor\raknet</Filter>
    </ClInclude>
    <ClInclude Include="sources\vendor\raknet\MTUSize.h">
      <Filter>vendor\raknet</Filter>
    </ClInclude>
    <ClInclude Include="sources\vendor\raknet\multiplayer.h">
      <Filter>vendor\raknet</Filter>
    </ClInclude>
    <ClInclude Include="sources\vendor\raknet\NetworkIDGenerator.h">
      <Filter>vendor\raknet</Filter>
    </ClInclude>
    <ClInclude Include="sources\vendor\raknet\NetworkTypes.h">
      <Filter>vendor\raknet</Filter>
    </ClInclude>
    <ClInclude Include="sources\vendor\raknet\PacketEnumerations.h">
      <Filter>vendor\raknet</Filter>
    </ClInclude>
    <ClInclude Include="sources\vendor\raknet\PacketPool.h">
      <Filter>vendor\raknet</Filter>
    </ClInclude>
    <ClInclude Include="sources\vendor\raknet\PacketPriority.h">
      <Filter>vendor\raknet</Filter>
    </ClInclude>
    <ClInclude Include="sources\vendor\raknet\PluginInterface.h">
      <Filter>vendor\raknet</Filter>
    </ClInclude>
    <ClInclude Include="sources\vendor\raknet\RakAssert.h">
      <Filter>vendor\raknet</Filter>
    </ClInclude>
    <ClInclude Include="sources\vendor\raknet\RakClient.h">
      <Filter>vendor\raknet</Filter>
    </ClInclude>
    <ClInclude Include="sources\vendor\raknet\RakClientInterface.h">
      <Filter>vendor\raknet</Filter>
    </ClInclude>
    <ClInclude Include="sources\vendor\raknet\RakNetCommandParser.h">
      <Filter>vendor\raknet</Filter>
    </ClInclude>
    <ClInclude Include="sources\vendor\raknet\RakNetDefines.h">
      <Filter>vendor\raknet</Filter>
    </ClInclude>
    <ClInclude Include="sources\vendor\raknet\RakNetStatistics.h">
      <Filter>vendor\raknet</Filter>
    </ClInclude>
    <ClInclude Include="sources\vendor\raknet\RakNetworkFactory.h">
      <Filter>vendor\raknet</Filter>
    </ClInclude>
    <ClInclude Include="sources\vendor\raknet\RakPeer.h">
      <Filter>vendor\raknet</Filter>
    </ClInclude>
    <ClInclude Include="sources\vendor\raknet\RakPeerInterface.h">
      <Filter>vendor\raknet</Filter>
    </ClInclude>
    <ClInclude Include="sources\vendor\raknet\RakServer.h">
      <Filter>vendor\raknet</Filter>
    </ClInclude>
    <ClInclude Include="sources\vendor\raknet\RakServerInterface.h">
      <Filter>vendor\raknet</Filter>
    </ClInclude>
    <ClInclude Include="sources\vendor\raknet\RakSleep.h">
      <Filter>vendor\raknet</Filter>
    </ClInclude>
    <ClInclude Include="sources\vendor\raknet\Rand.h">
      <Filter>vendor\raknet</Filter>
    </ClInclude>
    <ClInclude Include="sources\vendor\raknet\ReliabilityLayer.h">
      <Filter>vendor\raknet</Filter>
    </ClInclude>
    <ClInclude Include="sources\vendor\raknet\Replica.h">
      <Filter>vendor\raknet</Filter>
    </ClInclude>
    <ClInclude Include="sources\vendor\raknet\ReplicaEnums.h">
      <Filter>vendor\raknet</Filter>
    </ClInclude>
    <ClInclude Include="sources\vendor\raknet\rijndael.h">
      <Filter>vendor\raknet</Filter>
    </ClInclude>
    <ClInclude Include="sources\vendor\raknet\rijndael-boxes.h">
      <Filter>vendor\raknet</Filter>
    </ClInclude>
    <ClInclude Include="sources\vendor\raknet\RouterInterface.h">
      <Filter>vendor\raknet</Filter>
    </ClInclude>
    <ClInclude Include="sources\vendor\raknet\RPCMap.h">
      <Filter>vendor\raknet</Filter>
    </ClInclude>
    <ClInclude Include="sources\vendor\raknet\RPCNode.h">
      <Filter>vendor\raknet</Filter>
    </ClInclude>
    <ClInclude Include="sources\vendor\raknet\RSACrypt.h">
      <Filter>vendor\raknet</Filter>
    </ClInclude>
    <ClInclude Include="sources\vendor\raknet\SHA1.h">
      <Filter>vendor\raknet</Filter>
    </ClInclude>
    <ClInclude Include="sources\vendor\raknet\SimpleMutex.h">
      <Filter>vendor\raknet</Filter>
    </ClInclude>
    <ClInclude Include="sources\vendor\raknet\SimpleTCPServer.h">
      <Filter>vendor\raknet</Filter>
    </ClInclude>
    <ClInclude Include="sources\vendor\raknet\SingleProducerConsumer.h">
      <Filter>vendor\raknet</Filter>
    </ClInclude>
    <ClInclude Include="sources\vendor\raknet\SocketLayer.h">
      <Filter>vendor\raknet</Filter>
    </ClInclude>
    <ClInclude Include="sources\vendor\raknet\StringCompressor.h">
      <Filter>vendor\raknet</Filter>
    </ClInclude>
    <ClInclude Include="sources\vendor\raknet\StringTable.h">
      <Filter>vendor\raknet</Filter>
    </ClInclude>
    <ClInclude Include="sources\vendor\raknet\SystemAddressList.h">
      <Filter>vendor\raknet</Filter>
    </ClInclude>
    <ClInclude Include="sources\vendor\raknet\SystemDatabaseClient.h">
      <Filter>vendor\raknet</Filter>
    </ClInclude>
    <ClInclude Include="sources\vendor\raknet\SystemDatabaseServer.h">
      <Filter>vendor\raknet</Filter>
    </ClInclude>
    <ClInclude Include="sources\vendor\raknet\TableSerializer.h">
      <Filter>vendor\raknet</Filter>
    </ClInclude>
    <ClInclude Include="sources\vendor\raknet\TCPInterface.h">
      <Filter>vendor\raknet</Filter>
    </ClInclude>
    <ClInclude Include="sources\vendor\raknet\TelnetTransport.h">
      <Filter>vendor\raknet</Filter>
    </ClInclude>
    <ClInclude Include="sources\vendor\raknet\ThreadPool.h">
      <Filter>vendor\raknet</Filter>
    </ClInclude>
    <ClInclude Include="sources\vendor\raknet\TransportInterface.h">
      <Filter>vendor\raknet</Filter>
    </ClInclude>
    <ClInclude Include="sources\vendor\raknet\Types.h">
      <Filter>vendor\raknet</Filter>
    </ClInclude>
    <ClInclude Include="sources\vendor\raknet\SAMP\samp_netencr.h">
      <Filter>vendor\raknet\SAMP</Filter>
    </ClInclude>
    <ClInclude Include="sources\vendor\raknet\SAMP\SAMPRPC.h">
      <Filter>vendor\raknet\SAMP</Filter>
    </ClInclude>
    <ClInclude Include="sources\vendor\inih\ini.h">
      <Filter>vendor\inih</Filter>
    </ClInclude>
    <ClInclude Include="sources\vendor\inih\cpp\INIReader.h">
      <Filter>vendor\inih\cpp</Filter>
    </ClInclude>
  </ItemGroup>
  <ItemGroup>
    <Filter Include="armhook">
      <UniqueIdentifier>{4bfd4223-c9f9-49ca-b6bc-23ec4b82811b}</UniqueIdentifier>
    </Filter>
    <Filter Include="game">
      <UniqueIdentifier>{15f0bd1e-36c6-4fa2-bc6b-95c70571d08a}</UniqueIdentifier>
    </Filter>
    <Filter Include="game\RW">
      <UniqueIdentifier>{d47f8cbc-4a97-4f90-8b0e-53a1dd87cc49}</UniqueIdentifier>
    </Filter>
    <Filter Include="net">
      <UniqueIdentifier>{17bf61f2-8b62-48c7-80fe-9d22adf35ca3}</UniqueIdentifier>
    </Filter>
    <Filter Include="vendor">
      <UniqueIdentifier>{2f47f001-052d-46dd-ba23-4a3327087f39}</UniqueIdentifier>
    </Filter>
    <Filter Include="ui">
      <UniqueIdentifier>{bb64d545-cbd0-48c7-99f6-8047297010a1}</UniqueIdentifier>
    </Filter>
    <Filter Include="vendor\imgui">
      <UniqueIdentifier>{1d21f99b-fb0d-46f5-b6e0-30a28e3eb45a}</UniqueIdentifier>
    </Filter>
    <Filter Include="vendor\inih">
      <UniqueIdentifier>{a3e5d7dd-e31b-431e-a091-d6170fc1822f}</UniqueIdentifier>
    </Filter>
    <Filter Include="vendor\raknet">
      <UniqueIdentifier>{ddfdb2ca-b3ec-470c-8c18-d4161f9b1a3b}</UniqueIdentifier>
    </Filter>
    <Filter Include="vendor\raknet\SAMP">
      <UniqueIdentifier>{2f503017-4c0b-4da2-a35c-fc8fb39aadfc}</UniqueIdentifier>
    </Filter>
    <Filter Include="vendor\inih\cpp">
      <UniqueIdentifier>{0b24ce64-38a2-4077-95c8-2527cd4dad25}</UniqueIdentifier>
    </Filter>
  </ItemGroup>
  <ItemGroup>
    <None Include="sources\game\RW\errcom.def">
      <Filter>game\RW</Filter>
    </None>
    <None Include="sources\game\RW\errcore.def">
      <Filter>game\RW</Filter>
    </None>
    <None Include="sources\vendor\raknet\FullyConnectedMesh.cpp__">
      <Filter>vendor\raknet</Filter>
    </None>
    <None Include="sources\vendor\raknet\NetworkIDGenerator.cpp__">
      <Filter>vendor\raknet</Filter>
    </None>
  </ItemGroup>
</Project>